// !$*UTF8*$!
{
	archiveVersion = 1;
	classes = {
	};
	objectVersion = 51;
	objects = {

/* Begin PBXBuildFile section */
		1BAD929AA0D1FD13C5FFD2B6 /* Pods_TinderDemo.framework in Frameworks */ = {isa = PBXBuildFile; fileRef = 76E7BA82D785F0F7602998E0 /* Pods_TinderDemo.framework */; };
		E135CEF1251A848D004528A9 /* MatchesHorizontalCollectionViewCell.swift in Sources */ = {isa = PBXBuildFile; fileRef = E135CEF0251A848D004528A9 /* MatchesHorizontalCollectionViewCell.swift */; };
		E145083824C8C4B000DC7727 /* RegistrationViewController.swift in Sources */ = {isa = PBXBuildFile; fileRef = E145083724C8C4B000DC7727 /* RegistrationViewController.swift */; };
		E145083B24C8D00F00DC7727 /* CustomTextField.swift in Sources */ = {isa = PBXBuildFile; fileRef = E145083A24C8D00F00DC7727 /* CustomTextField.swift */; };
		E145088424CE181400DC7727 /* RegistrationViewModel.swift in Sources */ = {isa = PBXBuildFile; fileRef = E145088324CE181400DC7727 /* RegistrationViewModel.swift */; };
		E145088624CF478300DC7727 /* GoogleService-Info.plist in Resources */ = {isa = PBXBuildFile; fileRef = E145088524CF478300DC7727 /* GoogleService-Info.plist */; };
		E14F9ED624D8D2ED00D63A96 /* SettingsViewController.swift in Sources */ = {isa = PBXBuildFile; fileRef = E14F9ED524D8D2ED00D63A96 /* SettingsViewController.swift */; };
		E14F9EDA24D9DC1500D63A96 /* SettingsTableViewCell.swift in Sources */ = {isa = PBXBuildFile; fileRef = E14F9ED924D9DC1500D63A96 /* SettingsTableViewCell.swift */; };
		E1B55450250FD7CF00208E56 /* SendMessageButton.swift in Sources */ = {isa = PBXBuildFile; fileRef = E1B5544F250FD7CF00208E56 /* SendMessageButton.swift */; };
		E1B55452250FE10B00208E56 /* KeepSwippingButton.swift in Sources */ = {isa = PBXBuildFile; fileRef = E1B55451250FE10B00208E56 /* KeepSwippingButton.swift */; };
		E1CB2DEA2512872600724A83 /* MessagesViewController.swift in Sources */ = {isa = PBXBuildFile; fileRef = E1CB2DE92512872600724A83 /* MessagesViewController.swift */; };
		E1CB2DEC2512A08900724A83 /* MessagesCollectionViewCell.swift in Sources */ = {isa = PBXBuildFile; fileRef = E1CB2DEB2512A08900724A83 /* MessagesCollectionViewCell.swift */; };
		E1CB2DF02513BAF000724A83 /* MessagesNavigationBar.swift in Sources */ = {isa = PBXBuildFile; fileRef = E1CB2DEF2513BAEF00724A83 /* MessagesNavigationBar.swift */; };
		E1CB2DF225140D0800724A83 /* MatchedUser.swift in Sources */ = {isa = PBXBuildFile; fileRef = E1CB2DF125140D0800724A83 /* MatchedUser.swift */; };
		E1CB2DF72515215C00724A83 /* Messsage.swift in Sources */ = {isa = PBXBuildFile; fileRef = E1CB2DF62515215C00724A83 /* Messsage.swift */; };
		E1CB2DFA251523FB00724A83 /* ChatCollectionViewCell.swift in Sources */ = {isa = PBXBuildFile; fileRef = E1CB2DF9251523FB00724A83 /* ChatCollectionViewCell.swift */; };
		E1CB2DFD25168F3100724A83 /* ChatNavigationBar.swift in Sources */ = {isa = PBXBuildFile; fileRef = E1CB2DFC25168F3100724A83 /* ChatNavigationBar.swift */; };
		E1CB2DFF25193D7E00724A83 /* CustomInputAccessoryView.swift in Sources */ = {isa = PBXBuildFile; fileRef = E1CB2DFE25193D7E00724A83 /* CustomInputAccessoryView.swift */; };
		E1CB2E01251A5C7F00724A83 /* ChatCollectionViewController.swift in Sources */ = {isa = PBXBuildFile; fileRef = E1CB2E00251A5C7F00724A83 /* ChatCollectionViewController.swift */; };
		E1CB2E03251A663400724A83 /* MessagesHeaderView.swift in Sources */ = {isa = PBXBuildFile; fileRef = E1CB2E02251A663400724A83 /* MessagesHeaderView.swift */; };
		E1CB2E06251A748400724A83 /* MatchesHorizontalViewController.swift in Sources */ = {isa = PBXBuildFile; fileRef = E1CB2E05251A748400724A83 /* MatchesHorizontalViewController.swift */; };
		E1CF827A24E4518C0041838D /* CustomImagePicker.swift in Sources */ = {isa = PBXBuildFile; fileRef = E1CF827924E4518C0041838D /* CustomImagePicker.swift */; };
		E1CF827C24E45ABC0041838D /* SettingsHeaderLabel.swift in Sources */ = {isa = PBXBuildFile; fileRef = E1CF827B24E45ABC0041838D /* SettingsHeaderLabel.swift */; };
		E1CF827E24E45F6F0041838D /* SettingsTextField.swift in Sources */ = {isa = PBXBuildFile; fileRef = E1CF827D24E45F6F0041838D /* SettingsTextField.swift */; };
		E1CF828024E5C1E40041838D /* AgeRangeTableViewCell.swift in Sources */ = {isa = PBXBuildFile; fileRef = E1CF827F24E5C1E40041838D /* AgeRangeTableViewCell.swift */; };
		E1CF828224E5CCFC0041838D /* AgeRangeLabel.swift in Sources */ = {isa = PBXBuildFile; fileRef = E1CF828124E5CCFC0041838D /* AgeRangeLabel.swift */; };
		E1CF828524E602A10041838D /* Firebase+Extension.swift in Sources */ = {isa = PBXBuildFile; fileRef = E1CF828424E602A10041838D /* Firebase+Extension.swift */; };
		E1CF828824E62B6A0041838D /* LoginViewController.swift in Sources */ = {isa = PBXBuildFile; fileRef = E1CF828724E62B6A0041838D /* LoginViewController.swift */; };
		E1CF828B24E632920041838D /* LoginViewModel.swift in Sources */ = {isa = PBXBuildFile; fileRef = E1CF828A24E632920041838D /* LoginViewModel.swift */; };
		E1D427E924E847D800AFACBC /* ProfileDetailViewController.swift in Sources */ = {isa = PBXBuildFile; fileRef = E1D427E824E847D800AFACBC /* ProfileDetailViewController.swift */; };
		E1D427EB24E97FDA00AFACBC /* UIButton+Extension.swift in Sources */ = {isa = PBXBuildFile; fileRef = E1D427EA24E97FDA00AFACBC /* UIButton+Extension.swift */; };
		E1D427ED24E9A74300AFACBC /* PagingPhotosViewController.swift in Sources */ = {isa = PBXBuildFile; fileRef = E1D427EC24E9A74300AFACBC /* PagingPhotosViewController.swift */; };
		E1D427F024E9AE7800AFACBC /* PhotoViewController.swift in Sources */ = {isa = PBXBuildFile; fileRef = E1D427EF24E9AE7800AFACBC /* PhotoViewController.swift */; };
		E1DFBBF724B7A5710092622B /* AppDelegate.swift in Sources */ = {isa = PBXBuildFile; fileRef = E1DFBBF624B7A5710092622B /* AppDelegate.swift */; };
		E1DFBBF924B7A5710092622B /* SceneDelegate.swift in Sources */ = {isa = PBXBuildFile; fileRef = E1DFBBF824B7A5710092622B /* SceneDelegate.swift */; };
		E1DFBBFB24B7A5710092622B /* HomeViewController.swift in Sources */ = {isa = PBXBuildFile; fileRef = E1DFBBFA24B7A5710092622B /* HomeViewController.swift */; };
		E1DFBC0024B7A5740092622B /* Assets.xcassets in Resources */ = {isa = PBXBuildFile; fileRef = E1DFBBFF24B7A5740092622B /* Assets.xcassets */; };
		E1DFBC1324B903EB0092622B /* HomeBottomControlStackView.swift in Sources */ = {isa = PBXBuildFile; fileRef = E1DFBC1224B903EB0092622B /* HomeBottomControlStackView.swift */; };
		E1DFBC1524B912280092622B /* TopNavigationStackView.swift in Sources */ = {isa = PBXBuildFile; fileRef = E1DFBC1424B912280092622B /* TopNavigationStackView.swift */; };
		E1DFBC1824B9FD070092622B /* CardView.swift in Sources */ = {isa = PBXBuildFile; fileRef = E1DFBC1724B9FD070092622B /* CardView.swift */; };
		E1DFBC1B24BA617B0092622B /* User.swift in Sources */ = {isa = PBXBuildFile; fileRef = E1DFBC1A24BA617B0092622B /* User.swift */; };
		E1DFBC1E24BA7F080092622B /* CardViewViewModel.swift in Sources */ = {isa = PBXBuildFile; fileRef = E1DFBC1D24BA7F080092622B /* CardViewViewModel.swift */; };
		E1DFBC2224BB8B500092622B /* Advertiser.swift in Sources */ = {isa = PBXBuildFile; fileRef = E1DFBC2124BB8B500092622B /* Advertiser.swift */; };
		E1FECE522506DC0300167B35 /* MatchView.swift in Sources */ = {isa = PBXBuildFile; fileRef = E1FECE512506DC0300167B35 /* MatchView.swift */; };
		E1FF9CD4251A951F00520CBC /* MatchesHeaderLabel.swift in Sources */ = {isa = PBXBuildFile; fileRef = E1FF9CD3251A951F00520CBC /* MatchesHeaderLabel.swift */; };
		E1FF9CD7251AF40600520CBC /* RecentMessages.swift in Sources */ = {isa = PBXBuildFile; fileRef = E1FF9CD6251AF40600520CBC /* RecentMessages.swift */; };
		E1FF9CD92522902700520CBC /* Strings+Helpers.swift in Sources */ = {isa = PBXBuildFile; fileRef = E1FF9CD82522902700520CBC /* Strings+Helpers.swift */; };
		E1FF9CDC2523AA1A00520CBC /* AppCoordinator.swift in Sources */ = {isa = PBXBuildFile; fileRef = E1FF9CDB2523AA1A00520CBC /* AppCoordinator.swift */; };
		E1FF9CE225252F2A00520CBC /* HomeViewModel.swift in Sources */ = {isa = PBXBuildFile; fileRef = E1FF9CE125252F2A00520CBC /* HomeViewModel.swift */; };
		E1FF9CE52525401600520CBC /* MessagesViewModel.swift in Sources */ = {isa = PBXBuildFile; fileRef = E1FF9CE42525401600520CBC /* MessagesViewModel.swift */; };
		E1FF9CE82526317C00520CBC /* MessagesCoordinator.swift in Sources */ = {isa = PBXBuildFile; fileRef = E1FF9CE72526317C00520CBC /* MessagesCoordinator.swift */; };
		E1FF9CEB2526391200520CBC /* Coordinator.swift in Sources */ = {isa = PBXBuildFile; fileRef = E1FF9CEA2526391200520CBC /* Coordinator.swift */; };
		E1FF9CED252691B300520CBC /* HomeCoordinator.swift in Sources */ = {isa = PBXBuildFile; fileRef = E1FF9CEC252691B300520CBC /* HomeCoordinator.swift */; };
		E1FF9CEF25269E6E00520CBC /* SettingsCoordinator.swift in Sources */ = {isa = PBXBuildFile; fileRef = E1FF9CEE25269E6E00520CBC /* SettingsCoordinator.swift */; };
/* End PBXBuildFile section */

/* Begin PBXFileReference section */
		76E7BA82D785F0F7602998E0 /* Pods_TinderDemo.framework */ = {isa = PBXFileReference; explicitFileType = wrapper.framework; includeInIndex = 0; path = Pods_TinderDemo.framework; sourceTree = BUILT_PRODUCTS_DIR; };
		858FFD1C708859F93C632539 /* Pods-TinderDemo.debug.xcconfig */ = {isa = PBXFileReference; includeInIndex = 1; lastKnownFileType = text.xcconfig; name = "Pods-TinderDemo.debug.xcconfig"; path = "Target Support Files/Pods-TinderDemo/Pods-TinderDemo.debug.xcconfig"; sourceTree = "<group>"; };
		8AEC39223F2A9BC60A4909DB /* Pods-TinderDemo.release.xcconfig */ = {isa = PBXFileReference; includeInIndex = 1; lastKnownFileType = text.xcconfig; name = "Pods-TinderDemo.release.xcconfig"; path = "Target Support Files/Pods-TinderDemo/Pods-TinderDemo.release.xcconfig"; sourceTree = "<group>"; };
		E135CEF0251A848D004528A9 /* MatchesHorizontalCollectionViewCell.swift */ = {isa = PBXFileReference; lastKnownFileType = sourcecode.swift; path = MatchesHorizontalCollectionViewCell.swift; sourceTree = "<group>"; };
		E145083724C8C4B000DC7727 /* RegistrationViewController.swift */ = {isa = PBXFileReference; lastKnownFileType = sourcecode.swift; path = RegistrationViewController.swift; sourceTree = "<group>"; };
		E145083A24C8D00F00DC7727 /* CustomTextField.swift */ = {isa = PBXFileReference; lastKnownFileType = sourcecode.swift; path = CustomTextField.swift; sourceTree = "<group>"; };
		E145088324CE181400DC7727 /* RegistrationViewModel.swift */ = {isa = PBXFileReference; lastKnownFileType = sourcecode.swift; path = RegistrationViewModel.swift; sourceTree = "<group>"; };
		E145088524CF478300DC7727 /* GoogleService-Info.plist */ = {isa = PBXFileReference; fileEncoding = 4; lastKnownFileType = text.plist.xml; path = "GoogleService-Info.plist"; sourceTree = "<group>"; };
		E14F9ED524D8D2ED00D63A96 /* SettingsViewController.swift */ = {isa = PBXFileReference; lastKnownFileType = sourcecode.swift; path = SettingsViewController.swift; sourceTree = "<group>"; };
		E14F9ED924D9DC1500D63A96 /* SettingsTableViewCell.swift */ = {isa = PBXFileReference; lastKnownFileType = sourcecode.swift; path = SettingsTableViewCell.swift; sourceTree = "<group>"; };
		E1B5544F250FD7CF00208E56 /* SendMessageButton.swift */ = {isa = PBXFileReference; lastKnownFileType = sourcecode.swift; path = SendMessageButton.swift; sourceTree = "<group>"; };
		E1B55451250FE10B00208E56 /* KeepSwippingButton.swift */ = {isa = PBXFileReference; lastKnownFileType = sourcecode.swift; path = KeepSwippingButton.swift; sourceTree = "<group>"; };
		E1CB2DE92512872600724A83 /* MessagesViewController.swift */ = {isa = PBXFileReference; lastKnownFileType = sourcecode.swift; path = MessagesViewController.swift; sourceTree = "<group>"; };
		E1CB2DEB2512A08900724A83 /* MessagesCollectionViewCell.swift */ = {isa = PBXFileReference; lastKnownFileType = sourcecode.swift; name = MessagesCollectionViewCell.swift; path = ../MessagesCollectionViewCell.swift; sourceTree = "<group>"; };
		E1CB2DEF2513BAEF00724A83 /* MessagesNavigationBar.swift */ = {isa = PBXFileReference; lastKnownFileType = sourcecode.swift; path = MessagesNavigationBar.swift; sourceTree = "<group>"; };
		E1CB2DF125140D0800724A83 /* MatchedUser.swift */ = {isa = PBXFileReference; lastKnownFileType = sourcecode.swift; path = MatchedUser.swift; sourceTree = "<group>"; };
		E1CB2DF62515215C00724A83 /* Messsage.swift */ = {isa = PBXFileReference; lastKnownFileType = sourcecode.swift; path = Messsage.swift; sourceTree = "<group>"; };
		E1CB2DF9251523FB00724A83 /* ChatCollectionViewCell.swift */ = {isa = PBXFileReference; lastKnownFileType = sourcecode.swift; path = ChatCollectionViewCell.swift; sourceTree = "<group>"; };
		E1CB2DFC25168F3100724A83 /* ChatNavigationBar.swift */ = {isa = PBXFileReference; lastKnownFileType = sourcecode.swift; path = ChatNavigationBar.swift; sourceTree = "<group>"; };
		E1CB2DFE25193D7E00724A83 /* CustomInputAccessoryView.swift */ = {isa = PBXFileReference; lastKnownFileType = sourcecode.swift; path = CustomInputAccessoryView.swift; sourceTree = "<group>"; };
		E1CB2E00251A5C7F00724A83 /* ChatCollectionViewController.swift */ = {isa = PBXFileReference; lastKnownFileType = sourcecode.swift; path = ChatCollectionViewController.swift; sourceTree = "<group>"; };
		E1CB2E02251A663400724A83 /* MessagesHeaderView.swift */ = {isa = PBXFileReference; lastKnownFileType = sourcecode.swift; path = MessagesHeaderView.swift; sourceTree = "<group>"; };
		E1CB2E05251A748400724A83 /* MatchesHorizontalViewController.swift */ = {isa = PBXFileReference; lastKnownFileType = sourcecode.swift; path = MatchesHorizontalViewController.swift; sourceTree = "<group>"; };
		E1CF827924E4518C0041838D /* CustomImagePicker.swift */ = {isa = PBXFileReference; lastKnownFileType = sourcecode.swift; path = CustomImagePicker.swift; sourceTree = "<group>"; };
		E1CF827B24E45ABC0041838D /* SettingsHeaderLabel.swift */ = {isa = PBXFileReference; lastKnownFileType = sourcecode.swift; path = SettingsHeaderLabel.swift; sourceTree = "<group>"; };
		E1CF827D24E45F6F0041838D /* SettingsTextField.swift */ = {isa = PBXFileReference; lastKnownFileType = sourcecode.swift; path = SettingsTextField.swift; sourceTree = "<group>"; };
		E1CF827F24E5C1E40041838D /* AgeRangeTableViewCell.swift */ = {isa = PBXFileReference; lastKnownFileType = sourcecode.swift; path = AgeRangeTableViewCell.swift; sourceTree = "<group>"; };
		E1CF828124E5CCFC0041838D /* AgeRangeLabel.swift */ = {isa = PBXFileReference; lastKnownFileType = sourcecode.swift; path = AgeRangeLabel.swift; sourceTree = "<group>"; };
		E1CF828424E602A10041838D /* Firebase+Extension.swift */ = {isa = PBXFileReference; lastKnownFileType = sourcecode.swift; path = "Firebase+Extension.swift"; sourceTree = "<group>"; };
		E1CF828724E62B6A0041838D /* LoginViewController.swift */ = {isa = PBXFileReference; lastKnownFileType = sourcecode.swift; path = LoginViewController.swift; sourceTree = "<group>"; };
		E1CF828A24E632920041838D /* LoginViewModel.swift */ = {isa = PBXFileReference; lastKnownFileType = sourcecode.swift; path = LoginViewModel.swift; sourceTree = "<group>"; };
		E1D427E824E847D800AFACBC /* ProfileDetailViewController.swift */ = {isa = PBXFileReference; lastKnownFileType = sourcecode.swift; path = ProfileDetailViewController.swift; sourceTree = "<group>"; };
		E1D427EA24E97FDA00AFACBC /* UIButton+Extension.swift */ = {isa = PBXFileReference; lastKnownFileType = sourcecode.swift; path = "UIButton+Extension.swift"; sourceTree = "<group>"; };
		E1D427EC24E9A74300AFACBC /* PagingPhotosViewController.swift */ = {isa = PBXFileReference; lastKnownFileType = sourcecode.swift; path = PagingPhotosViewController.swift; sourceTree = "<group>"; };
		E1D427EF24E9AE7800AFACBC /* PhotoViewController.swift */ = {isa = PBXFileReference; lastKnownFileType = sourcecode.swift; path = PhotoViewController.swift; sourceTree = "<group>"; };
		E1DFBBF324B7A5710092622B /* TinderDemo.app */ = {isa = PBXFileReference; explicitFileType = wrapper.application; includeInIndex = 0; path = TinderDemo.app; sourceTree = BUILT_PRODUCTS_DIR; };
		E1DFBBF624B7A5710092622B /* AppDelegate.swift */ = {isa = PBXFileReference; lastKnownFileType = sourcecode.swift; path = AppDelegate.swift; sourceTree = "<group>"; };
		E1DFBBF824B7A5710092622B /* SceneDelegate.swift */ = {isa = PBXFileReference; lastKnownFileType = sourcecode.swift; path = SceneDelegate.swift; sourceTree = "<group>"; };
		E1DFBBFA24B7A5710092622B /* HomeViewController.swift */ = {isa = PBXFileReference; lastKnownFileType = sourcecode.swift; path = HomeViewController.swift; sourceTree = "<group>"; };
		E1DFBBFF24B7A5740092622B /* Assets.xcassets */ = {isa = PBXFileReference; lastKnownFileType = folder.assetcatalog; path = Assets.xcassets; sourceTree = "<group>"; };
		E1DFBC0424B7A5740092622B /* Info.plist */ = {isa = PBXFileReference; lastKnownFileType = text.plist.xml; path = Info.plist; sourceTree = "<group>"; };
		E1DFBC1224B903EB0092622B /* HomeBottomControlStackView.swift */ = {isa = PBXFileReference; lastKnownFileType = sourcecode.swift; path = HomeBottomControlStackView.swift; sourceTree = "<group>"; };
		E1DFBC1424B912280092622B /* TopNavigationStackView.swift */ = {isa = PBXFileReference; lastKnownFileType = sourcecode.swift; path = TopNavigationStackView.swift; sourceTree = "<group>"; };
		E1DFBC1724B9FD070092622B /* CardView.swift */ = {isa = PBXFileReference; lastKnownFileType = sourcecode.swift; path = CardView.swift; sourceTree = "<group>"; };
		E1DFBC1A24BA617B0092622B /* User.swift */ = {isa = PBXFileReference; lastKnownFileType = sourcecode.swift; path = User.swift; sourceTree = "<group>"; };
		E1DFBC1D24BA7F080092622B /* CardViewViewModel.swift */ = {isa = PBXFileReference; lastKnownFileType = sourcecode.swift; path = CardViewViewModel.swift; sourceTree = "<group>"; };
		E1DFBC2124BB8B500092622B /* Advertiser.swift */ = {isa = PBXFileReference; lastKnownFileType = sourcecode.swift; path = Advertiser.swift; sourceTree = "<group>"; };
		E1FECE512506DC0300167B35 /* MatchView.swift */ = {isa = PBXFileReference; lastKnownFileType = sourcecode.swift; path = MatchView.swift; sourceTree = "<group>"; };
		E1FF9CD3251A951F00520CBC /* MatchesHeaderLabel.swift */ = {isa = PBXFileReference; lastKnownFileType = sourcecode.swift; path = MatchesHeaderLabel.swift; sourceTree = "<group>"; };
		E1FF9CD6251AF40600520CBC /* RecentMessages.swift */ = {isa = PBXFileReference; lastKnownFileType = sourcecode.swift; path = RecentMessages.swift; sourceTree = "<group>"; };
		E1FF9CD82522902700520CBC /* Strings+Helpers.swift */ = {isa = PBXFileReference; lastKnownFileType = sourcecode.swift; path = "Strings+Helpers.swift"; sourceTree = "<group>"; };
		E1FF9CDB2523AA1A00520CBC /* AppCoordinator.swift */ = {isa = PBXFileReference; lastKnownFileType = sourcecode.swift; path = AppCoordinator.swift; sourceTree = "<group>"; };
		E1FF9CE125252F2A00520CBC /* HomeViewModel.swift */ = {isa = PBXFileReference; lastKnownFileType = sourcecode.swift; path = HomeViewModel.swift; sourceTree = "<group>"; };
		E1FF9CE42525401600520CBC /* MessagesViewModel.swift */ = {isa = PBXFileReference; lastKnownFileType = sourcecode.swift; path = MessagesViewModel.swift; sourceTree = "<group>"; };
		E1FF9CE72526317C00520CBC /* MessagesCoordinator.swift */ = {isa = PBXFileReference; lastKnownFileType = sourcecode.swift; path = MessagesCoordinator.swift; sourceTree = "<group>"; };
		E1FF9CEA2526391200520CBC /* Coordinator.swift */ = {isa = PBXFileReference; lastKnownFileType = sourcecode.swift; path = Coordinator.swift; sourceTree = "<group>"; };
		E1FF9CEC252691B300520CBC /* HomeCoordinator.swift */ = {isa = PBXFileReference; lastKnownFileType = sourcecode.swift; path = HomeCoordinator.swift; sourceTree = "<group>"; };
		E1FF9CEE25269E6E00520CBC /* SettingsCoordinator.swift */ = {isa = PBXFileReference; lastKnownFileType = sourcecode.swift; path = SettingsCoordinator.swift; sourceTree = "<group>"; };
/* End PBXFileReference section */

/* Begin PBXFrameworksBuildPhase section */
		E1DFBBF024B7A5710092622B /* Frameworks */ = {
			isa = PBXFrameworksBuildPhase;
			buildActionMask = 2147483647;
			files = (
				1BAD929AA0D1FD13C5FFD2B6 /* Pods_TinderDemo.framework in Frameworks */,
			);
			runOnlyForDeploymentPostprocessing = 0;
		};
/* End PBXFrameworksBuildPhase section */

/* Begin PBXGroup section */
		0B187D21A8A8408C45745D98 /* Pods */ = {
			isa = PBXGroup;
			children = (
				858FFD1C708859F93C632539 /* Pods-TinderDemo.debug.xcconfig */,
				8AEC39223F2A9BC60A4909DB /* Pods-TinderDemo.release.xcconfig */,
			);
			path = Pods;
			sourceTree = "<group>";
		};
		9E7629A0D8A369625C193FA8 /* Frameworks */ = {
			isa = PBXGroup;
			children = (
				76E7BA82D785F0F7602998E0 /* Pods_TinderDemo.framework */,
			);
			name = Frameworks;
			sourceTree = "<group>";
		};
		E145083624C8C48800DC7727 /* Registration View Controller */ = {
			isa = PBXGroup;
			children = (
				E145083724C8C4B000DC7727 /* RegistrationViewController.swift */,
				E145088224CE17F900DC7727 /* View Models */,
			);
			path = "Registration View Controller";
			sourceTree = "<group>";
		};
		E145083924C8CFC800DC7727 /* Helpers */ = {
			isa = PBXGroup;
			children = (
				E1FF9CD82522902700520CBC /* Strings+Helpers.swift */,
				E1CF828124E5CCFC0041838D /* AgeRangeLabel.swift */,
				E145083A24C8D00F00DC7727 /* CustomTextField.swift */,
				E1CF827D24E45F6F0041838D /* SettingsTextField.swift */,
				E1CF827924E4518C0041838D /* CustomImagePicker.swift */,
				E1B5544F250FD7CF00208E56 /* SendMessageButton.swift */,
				E1B55451250FE10B00208E56 /* KeepSwippingButton.swift */,
				E1CF827B24E45ABC0041838D /* SettingsHeaderLabel.swift */,
				E1FF9CD3251A951F00520CBC /* MatchesHeaderLabel.swift */,
				E1CB2DFE25193D7E00724A83 /* CustomInputAccessoryView.swift */,
			);
			path = Helpers;
			sourceTree = "<group>";
		};
		E145088224CE17F900DC7727 /* View Models */ = {
			isa = PBXGroup;
			children = (
				E145088324CE181400DC7727 /* RegistrationViewModel.swift */,
			);
			path = "View Models";
			sourceTree = "<group>";
		};
		E14F9ED724D8D2F300D63A96 /* Settings View Controller */ = {
			isa = PBXGroup;
			children = (
				E14F9ED524D8D2ED00D63A96 /* SettingsViewController.swift */,
				E14F9ED824D9DBE800D63A96 /* Settings Table View Cell  */,
			);
			path = "Settings View Controller";
			sourceTree = "<group>";
		};
		E14F9ED824D9DBE800D63A96 /* Settings Table View Cell  */ = {
			isa = PBXGroup;
			children = (
				E14F9ED924D9DC1500D63A96 /* SettingsTableViewCell.swift */,
				E1CF827F24E5C1E40041838D /* AgeRangeTableViewCell.swift */,
			);
			path = "Settings Table View Cell ";
			sourceTree = "<group>";
		};
		E1CB2DE8251285C200724A83 /* Messages View Controller */ = {
			isa = PBXGroup;
			children = (
				E1CB2DE92512872600724A83 /* MessagesViewController.swift */,
				E1FF9CE32525400300520CBC /* View Models */,
				E1CB2E04251A744C00724A83 /* Messages Header View */,
				E1CB2DEE2513BAB200724A83 /* Messages Navigation Bar */,
				E1CB2DED2512A09500724A83 /* Messages Collection View Cells */,
				E1CB2DF325151C2D00724A83 /* Chat Collection View Controller */,
			);
			path = "Messages View Controller";
			sourceTree = "<group>";
		};
		E1CB2DED2512A09500724A83 /* Messages Collection View Cells */ = {
			isa = PBXGroup;
			children = (
				E1CB2DEB2512A08900724A83 /* MessagesCollectionViewCell.swift */,
			);
			path = "Messages Collection View Cells";
			sourceTree = "<group>";
		};
		E1CB2DEE2513BAB200724A83 /* Messages Navigation Bar */ = {
			isa = PBXGroup;
			children = (
				E1CB2DEF2513BAEF00724A83 /* MessagesNavigationBar.swift */,
			);
			path = "Messages Navigation Bar";
			sourceTree = "<group>";
		};
		E1CB2DF325151C2D00724A83 /* Chat Collection View Controller */ = {
			isa = PBXGroup;
			children = (
				E1CB2E00251A5C7F00724A83 /* ChatCollectionViewController.swift */,
				E1CB2DFB25168EF900724A83 /* Chat Navigation Bar */,
				E1CB2DF8251523CE00724A83 /* Chat Collection View Cell */,
			);
			path = "Chat Collection View Controller";
			sourceTree = "<group>";
		};
		E1CB2DF8251523CE00724A83 /* Chat Collection View Cell */ = {
			isa = PBXGroup;
			children = (
				E1CB2DF9251523FB00724A83 /* ChatCollectionViewCell.swift */,
			);
			path = "Chat Collection View Cell";
			sourceTree = "<group>";
		};
		E1CB2DFB25168EF900724A83 /* Chat Navigation Bar */ = {
			isa = PBXGroup;
			children = (
				E1CB2DFC25168F3100724A83 /* ChatNavigationBar.swift */,
			);
			path = "Chat Navigation Bar";
			sourceTree = "<group>";
		};
		E1CB2E04251A744C00724A83 /* Messages Header View */ = {
			isa = PBXGroup;
			children = (
				E1CB2E02251A663400724A83 /* MessagesHeaderView.swift */,
				E1CB2E07251A760500724A83 /* Matches Horizontal VIew Controller */,
			);
			path = "Messages Header View";
			sourceTree = "<group>";
		};
		E1CB2E07251A760500724A83 /* Matches Horizontal VIew Controller */ = {
			isa = PBXGroup;
			children = (
				E1CB2E05251A748400724A83 /* MatchesHorizontalViewController.swift */,
				E1FF9CD5251A9C7B00520CBC /* Matches Horizontal Collection View cell */,
			);
			path = "Matches Horizontal VIew Controller";
			sourceTree = "<group>";
		};
		E1CF828324E6027B0041838D /* Extensions */ = {
			isa = PBXGroup;
			children = (
				E1CF828424E602A10041838D /* Firebase+Extension.swift */,
				E1D427EA24E97FDA00AFACBC /* UIButton+Extension.swift */,
			);
			path = Extensions;
			sourceTree = "<group>";
		};
		E1CF828624E62B3B0041838D /* Login View Controller */ = {
			isa = PBXGroup;
			children = (
				E1CF828724E62B6A0041838D /* LoginViewController.swift */,
				E1CF828924E632760041838D /* View Models */,
			);
			path = "Login View Controller";
			sourceTree = "<group>";
		};
		E1CF828924E632760041838D /* View Models */ = {
			isa = PBXGroup;
			children = (
				E1CF828A24E632920041838D /* LoginViewModel.swift */,
			);
			path = "View Models";
			sourceTree = "<group>";
		};
		E1D427E524E8475C00AFACBC /* Profile Detail View Controller */ = {
			isa = PBXGroup;
			children = (
				E1D427E824E847D800AFACBC /* ProfileDetailViewController.swift */,
				E1D427EE24E9AE3900AFACBC /* Paging Photos View Controller */,
			);
			path = "Profile Detail View Controller";
			sourceTree = "<group>";
		};
		E1D427EE24E9AE3900AFACBC /* Paging Photos View Controller */ = {
			isa = PBXGroup;
			children = (
				E1D427EF24E9AE7800AFACBC /* PhotoViewController.swift */,
				E1D427EC24E9A74300AFACBC /* PagingPhotosViewController.swift */,
			);
			path = "Paging Photos View Controller";
			sourceTree = "<group>";
		};
		E1DFBBEA24B7A5710092622B = {
			isa = PBXGroup;
			children = (
				E1DFBBF524B7A5710092622B /* TinderDemo */,
				E1DFBBF424B7A5710092622B /* Products */,
				0B187D21A8A8408C45745D98 /* Pods */,
				9E7629A0D8A369625C193FA8 /* Frameworks */,
			);
			sourceTree = "<group>";
		};
		E1DFBBF424B7A5710092622B /* Products */ = {
			isa = PBXGroup;
			children = (
				E1DFBBF324B7A5710092622B /* TinderDemo.app */,
			);
			name = Products;
			sourceTree = "<group>";
		};
		E1DFBBF524B7A5710092622B /* TinderDemo */ = {
			isa = PBXGroup;
			children = (
				E1DFBC0A24B7A5830092622B /* Appplication Delegates */,
				E1FF9CDA2523A9FC00520CBC /* Coordinators */,
				E1DFBC1924BA61610092622B /* Models */,
				E1DFBC0F24B7A5EF0092622B /* Modules */,
				E145083924C8CFC800DC7727 /* Helpers */,
				E1CF828324E6027B0041838D /* Extensions */,
				E1DFBC0C24B7A5C50092622B /* Resources */,
				E1DFBC0E24B7A5DC0092622B /* Supporting Files */,
			);
			path = TinderDemo;
			sourceTree = "<group>";
		};
		E1DFBC0A24B7A5830092622B /* Appplication Delegates */ = {
			isa = PBXGroup;
			children = (
				E1DFBBF624B7A5710092622B /* AppDelegate.swift */,
				E1DFBBF824B7A5710092622B /* SceneDelegate.swift */,
			);
			path = "Appplication Delegates";
			sourceTree = "<group>";
		};
		E1DFBC0C24B7A5C50092622B /* Resources */ = {
			isa = PBXGroup;
			children = (
				E1DFBC0D24B7A5D00092622B /* Assets */,
			);
			path = Resources;
			sourceTree = "<group>";
		};
		E1DFBC0D24B7A5D00092622B /* Assets */ = {
			isa = PBXGroup;
			children = (
				E1DFBBFF24B7A5740092622B /* Assets.xcassets */,
			);
			path = Assets;
			sourceTree = "<group>";
		};
		E1DFBC0E24B7A5DC0092622B /* Supporting Files */ = {
			isa = PBXGroup;
			children = (
				E1DFBC0424B7A5740092622B /* Info.plist */,
				E145088524CF478300DC7727 /* GoogleService-Info.plist */,
			);
			path = "Supporting Files";
			sourceTree = "<group>";
		};
		E1DFBC0F24B7A5EF0092622B /* Modules */ = {
			isa = PBXGroup;
			children = (
				E145083624C8C48800DC7727 /* Registration View Controller */,
				E1CF828624E62B3B0041838D /* Login View Controller */,
				E1DFBC1624B9FCA90092622B /* Home View Controller */,
				E1D427E524E8475C00AFACBC /* Profile Detail View Controller */,
				E14F9ED724D8D2F300D63A96 /* Settings View Controller */,
				E1CB2DE8251285C200724A83 /* Messages View Controller */,
			);
			path = Modules;
			sourceTree = "<group>";
		};
		E1DFBC1124B903AE0092622B /* Home Views */ = {
			isa = PBXGroup;
			children = (
				E1FECE4E2506DB8600167B35 /* Match View */,
				E1DFBC1C24BA7EEC0092622B /* Card View */,
				E1DFBC1F24BA84250092622B /* Top Navigation View */,
				E1DFBC2024BA84330092622B /* Home Bottom View */,
			);
			path = "Home Views";
			sourceTree = "<group>";
		};
		E1DFBC1624B9FCA90092622B /* Home View Controller */ = {
			isa = PBXGroup;
			children = (
				E1DFBBFA24B7A5710092622B /* HomeViewController.swift */,
				E1FF9CE025252EDF00520CBC /* View Models */,
				E1DFBC1124B903AE0092622B /* Home Views */,
			);
			path = "Home View Controller";
			sourceTree = "<group>";
		};
		E1DFBC1924BA61610092622B /* Models */ = {
			isa = PBXGroup;
			children = (
				E1DFBC1A24BA617B0092622B /* User.swift */,
				E1CB2DF62515215C00724A83 /* Messsage.swift */,
				E1DFBC2124BB8B500092622B /* Advertiser.swift */,
				E1CB2DF125140D0800724A83 /* MatchedUser.swift */,
				E1FF9CD6251AF40600520CBC /* RecentMessages.swift */,
			);
			path = Models;
			sourceTree = "<group>";
		};
		E1DFBC1C24BA7EEC0092622B /* Card View */ = {
			isa = PBXGroup;
			children = (
				E1DFBC1724B9FD070092622B /* CardView.swift */,
				E1DFBC1D24BA7F080092622B /* CardViewViewModel.swift */,
			);
			path = "Card View";
			sourceTree = "<group>";
		};
		E1DFBC1F24BA84250092622B /* Top Navigation View */ = {
			isa = PBXGroup;
			children = (
				E1DFBC1424B912280092622B /* TopNavigationStackView.swift */,
			);
			path = "Top Navigation View";
			sourceTree = "<group>";
		};
		E1DFBC2024BA84330092622B /* Home Bottom View */ = {
			isa = PBXGroup;
			children = (
				E1DFBC1224B903EB0092622B /* HomeBottomControlStackView.swift */,
			);
			path = "Home Bottom View";
			sourceTree = "<group>";
		};
		E1FECE4E2506DB8600167B35 /* Match View */ = {
			isa = PBXGroup;
			children = (
				E1FECE512506DC0300167B35 /* MatchView.swift */,
			);
			path = "Match View";
			sourceTree = "<group>";
		};
		E1FF9CD5251A9C7B00520CBC /* Matches Horizontal Collection View cell */ = {
			isa = PBXGroup;
			children = (
				E135CEF0251A848D004528A9 /* MatchesHorizontalCollectionViewCell.swift */,
			);
			path = "Matches Horizontal Collection View cell";
			sourceTree = "<group>";
		};
		E1FF9CDA2523A9FC00520CBC /* Coordinators */ = {
			isa = PBXGroup;
			children = (
				E1FF9CDB2523AA1A00520CBC /* AppCoordinator.swift */,
				E1FF9CE62526315A00520CBC /* Child Coordinators */,
				E1FF9CE9252638ED00520CBC /* Protocols */,
			);
			path = Coordinators;
			sourceTree = "<group>";
		};
		E1FF9CE025252EDF00520CBC /* View Models */ = {
			isa = PBXGroup;
			children = (
				E1FF9CE125252F2A00520CBC /* HomeViewModel.swift */,
			);
			path = "View Models";
			sourceTree = "<group>";
		};
		E1FF9CE32525400300520CBC /* View Models */ = {
			isa = PBXGroup;
			children = (
				E1FF9CE42525401600520CBC /* MessagesViewModel.swift */,
			);
			path = "View Models";
			sourceTree = "<group>";
		};
		E1FF9CE62526315A00520CBC /* Child Coordinators */ = {
			isa = PBXGroup;
			children = (
				E1FF9CEC252691B300520CBC /* HomeCoordinator.swift */,
				E1FF9CEE25269E6E00520CBC /* SettingsCoordinator.swift */,
				E1FF9CE72526317C00520CBC /* MessagesCoordinator.swift */,
			);
			path = "Child Coordinators";
			sourceTree = "<group>";
		};
		E1FF9CE9252638ED00520CBC /* Protocols */ = {
			isa = PBXGroup;
			children = (
				E1FF9CEA2526391200520CBC /* Coordinator.swift */,
			);
			path = Protocols;
			sourceTree = "<group>";
		};
/* End PBXGroup section */

/* Begin PBXNativeTarget section */
		E1DFBBF224B7A5710092622B /* TinderDemo */ = {
			isa = PBXNativeTarget;
			buildConfigurationList = E1DFBC0724B7A5740092622B /* Build configuration list for PBXNativeTarget "TinderDemo" */;
			buildPhases = (
				032DD526622AB19DB9C94CB3 /* [CP] Check Pods Manifest.lock */,
				E1DFBBEF24B7A5710092622B /* Sources */,
				E1DFBBF024B7A5710092622B /* Frameworks */,
				E1DFBBF124B7A5710092622B /* Resources */,
				40B8856F8F818B8D7717237B /* [CP] Embed Pods Frameworks */,
				AE0B5EFE7844767FBB5B7ABC /* [CP] Copy Pods Resources */,
			);
			buildRules = (
			);
			dependencies = (
			);
			name = TinderDemo;
			productName = TinderDemo;
			productReference = E1DFBBF324B7A5710092622B /* TinderDemo.app */;
			productType = "com.apple.product-type.application";
		};
/* End PBXNativeTarget section */

/* Begin PBXProject section */
		E1DFBBEB24B7A5710092622B /* Project object */ = {
			isa = PBXProject;
			attributes = {
				LastSwiftUpdateCheck = 1150;
				LastUpgradeCheck = 1150;
				ORGANIZATIONNAME = "Dennis Vera";
				TargetAttributes = {
					E1DFBBF224B7A5710092622B = {
						CreatedOnToolsVersion = 11.5;
					};
				};
			};
			buildConfigurationList = E1DFBBEE24B7A5710092622B /* Build configuration list for PBXProject "TinderDemo" */;
			compatibilityVersion = "Xcode 9.3";
			developmentRegion = en;
			hasScannedForEncodings = 0;
			knownRegions = (
				en,
				Base,
			);
			mainGroup = E1DFBBEA24B7A5710092622B;
			productRefGroup = E1DFBBF424B7A5710092622B /* Products */;
			projectDirPath = "";
			projectRoot = "";
			targets = (
				E1DFBBF224B7A5710092622B /* TinderDemo */,
			);
		};
/* End PBXProject section */

/* Begin PBXResourcesBuildPhase section */
		E1DFBBF124B7A5710092622B /* Resources */ = {
			isa = PBXResourcesBuildPhase;
			buildActionMask = 2147483647;
			files = (
				E1DFBC0024B7A5740092622B /* Assets.xcassets in Resources */,
				E145088624CF478300DC7727 /* GoogleService-Info.plist in Resources */,
			);
			runOnlyForDeploymentPostprocessing = 0;
		};
/* End PBXResourcesBuildPhase section */

/* Begin PBXShellScriptBuildPhase section */
		032DD526622AB19DB9C94CB3 /* [CP] Check Pods Manifest.lock */ = {
			isa = PBXShellScriptBuildPhase;
			buildActionMask = 2147483647;
			files = (
			);
			inputFileListPaths = (
			);
			inputPaths = (
				"${PODS_PODFILE_DIR_PATH}/Podfile.lock",
				"${PODS_ROOT}/Manifest.lock",
			);
			name = "[CP] Check Pods Manifest.lock";
			outputFileListPaths = (
			);
			outputPaths = (
				"$(DERIVED_FILE_DIR)/Pods-TinderDemo-checkManifestLockResult.txt",
			);
			runOnlyForDeploymentPostprocessing = 0;
			shellPath = /bin/sh;
			shellScript = "diff \"${PODS_PODFILE_DIR_PATH}/Podfile.lock\" \"${PODS_ROOT}/Manifest.lock\" > /dev/null\nif [ $? != 0 ] ; then\n    # print error to STDERR\n    echo \"error: The sandbox is not in sync with the Podfile.lock. Run 'pod install' or update your CocoaPods installation.\" >&2\n    exit 1\nfi\n# This output is used by Xcode 'outputs' to avoid re-running this script phase.\necho \"SUCCESS\" > \"${SCRIPT_OUTPUT_FILE_0}\"\n";
			showEnvVarsInLog = 0;
		};
		40B8856F8F818B8D7717237B /* [CP] Embed Pods Frameworks */ = {
			isa = PBXShellScriptBuildPhase;
			buildActionMask = 2147483647;
			files = (
			);
			inputFileListPaths = (
				"${PODS_ROOT}/Target Support Files/Pods-TinderDemo/Pods-TinderDemo-frameworks-${CONFIGURATION}-input-files.xcfilelist",
			);
			name = "[CP] Embed Pods Frameworks";
			outputFileListPaths = (
				"${PODS_ROOT}/Target Support Files/Pods-TinderDemo/Pods-TinderDemo-frameworks-${CONFIGURATION}-output-files.xcfilelist",
			);
			runOnlyForDeploymentPostprocessing = 0;
			shellPath = /bin/sh;
			shellScript = "\"${PODS_ROOT}/Target Support Files/Pods-TinderDemo/Pods-TinderDemo-frameworks.sh\"\n";
			showEnvVarsInLog = 0;
		};
		AE0B5EFE7844767FBB5B7ABC /* [CP] Copy Pods Resources */ = {
			isa = PBXShellScriptBuildPhase;
			buildActionMask = 2147483647;
			files = (
			);
			inputFileListPaths = (
				"${PODS_ROOT}/Target Support Files/Pods-TinderDemo/Pods-TinderDemo-resources-${CONFIGURATION}-input-files.xcfilelist",
			);
			name = "[CP] Copy Pods Resources";
			outputFileListPaths = (
				"${PODS_ROOT}/Target Support Files/Pods-TinderDemo/Pods-TinderDemo-resources-${CONFIGURATION}-output-files.xcfilelist",
			);
			runOnlyForDeploymentPostprocessing = 0;
			shellPath = /bin/sh;
			shellScript = "\"${PODS_ROOT}/Target Support Files/Pods-TinderDemo/Pods-TinderDemo-resources.sh\"\n";
			showEnvVarsInLog = 0;
		};
/* End PBXShellScriptBuildPhase section */

/* Begin PBXSourcesBuildPhase section */
		E1DFBBEF24B7A5710092622B /* Sources */ = {
			isa = PBXSourcesBuildPhase;
			buildActionMask = 2147483647;
			files = (
				E135CEF1251A848D004528A9 /* MatchesHorizontalCollectionViewCell.swift in Sources */,
				E1CB2DEA2512872600724A83 /* MessagesViewController.swift in Sources */,
				E1CF828824E62B6A0041838D /* LoginViewController.swift in Sources */,
				E1CB2DFD25168F3100724A83 /* ChatNavigationBar.swift in Sources */,
				E1CF828524E602A10041838D /* Firebase+Extension.swift in Sources */,
				E1FF9CE225252F2A00520CBC /* HomeViewModel.swift in Sources */,
				E1FF9CD7251AF40600520CBC /* RecentMessages.swift in Sources */,
				E1FF9CED252691B300520CBC /* HomeCoordinator.swift in Sources */,
				E1CF828B24E632920041838D /* LoginViewModel.swift in Sources */,
				E1CF827E24E45F6F0041838D /* SettingsTextField.swift in Sources */,
				E1B55452250FE10B00208E56 /* KeepSwippingButton.swift in Sources */,
				E1D427ED24E9A74300AFACBC /* PagingPhotosViewController.swift in Sources */,
				E1DFBBFB24B7A5710092622B /* HomeViewController.swift in Sources */,
				E1CB2E03251A663400724A83 /* MessagesHeaderView.swift in Sources */,
				E1FF9CD92522902700520CBC /* Strings+Helpers.swift in Sources */,
				E1D427EB24E97FDA00AFACBC /* UIButton+Extension.swift in Sources */,
				E1D427E924E847D800AFACBC /* ProfileDetailViewController.swift in Sources */,
				E1FF9CE52525401600520CBC /* MessagesViewModel.swift in Sources */,
				E1CB2DFF25193D7E00724A83 /* CustomInputAccessoryView.swift in Sources */,
				E145088424CE181400DC7727 /* RegistrationViewModel.swift in Sources */,
				E145083B24C8D00F00DC7727 /* CustomTextField.swift in Sources */,
				E1CF828224E5CCFC0041838D /* AgeRangeLabel.swift in Sources */,
				E1CB2E01251A5C7F00724A83 /* ChatCollectionViewController.swift in Sources */,
				E1CB2DF225140D0800724A83 /* MatchedUser.swift in Sources */,
				E1DFBC1524B912280092622B /* TopNavigationStackView.swift in Sources */,
				E14F9EDA24D9DC1500D63A96 /* SettingsTableViewCell.swift in Sources */,
				E1FECE522506DC0300167B35 /* MatchView.swift in Sources */,
				E1DFBC2224BB8B500092622B /* Advertiser.swift in Sources */,
				E1CB2E06251A748400724A83 /* MatchesHorizontalViewController.swift in Sources */,
				E1DFBBF724B7A5710092622B /* AppDelegate.swift in Sources */,
				E145083824C8C4B000DC7727 /* RegistrationViewController.swift in Sources */,
				E1CB2DF02513BAF000724A83 /* MessagesNavigationBar.swift in Sources */,
				E1DFBC1E24BA7F080092622B /* CardViewViewModel.swift in Sources */,
				E1FF9CE82526317C00520CBC /* MessagesCoordinator.swift in Sources */,
				E1CB2DEC2512A08900724A83 /* MessagesCollectionViewCell.swift in Sources */,
				E1FF9CEB2526391200520CBC /* Coordinator.swift in Sources */,
				E1DFBBF924B7A5710092622B /* SceneDelegate.swift in Sources */,
				E1DFBC1824B9FD070092622B /* CardView.swift in Sources */,
				E14F9ED624D8D2ED00D63A96 /* SettingsViewController.swift in Sources */,
				E1CF828024E5C1E40041838D /* AgeRangeTableViewCell.swift in Sources */,
				E1DFBC1324B903EB0092622B /* HomeBottomControlStackView.swift in Sources */,
				E1DFBC1B24BA617B0092622B /* User.swift in Sources */,
				E1CF827C24E45ABC0041838D /* SettingsHeaderLabel.swift in Sources */,
				E1CB2DF72515215C00724A83 /* Messsage.swift in Sources */,
				E1FF9CD4251A951F00520CBC /* MatchesHeaderLabel.swift in Sources */,
				E1B55450250FD7CF00208E56 /* SendMessageButton.swift in Sources */,
				E1FF9CEF25269E6E00520CBC /* SettingsCoordinator.swift in Sources */,
				E1CF827A24E4518C0041838D /* CustomImagePicker.swift in Sources */,
				E1FF9CDC2523AA1A00520CBC /* AppCoordinator.swift in Sources */,
				E1CB2DFA251523FB00724A83 /* ChatCollectionViewCell.swift in Sources */,
				E1D427F024E9AE7800AFACBC /* PhotoViewController.swift in Sources */,
			);
			runOnlyForDeploymentPostprocessing = 0;
		};
/* End PBXSourcesBuildPhase section */

/* Begin XCBuildConfiguration section */
		E1DFBC0524B7A5740092622B /* Debug */ = {
			isa = XCBuildConfiguration;
			buildSettings = {
				ALWAYS_SEARCH_USER_PATHS = NO;
				CLANG_ANALYZER_NONNULL = YES;
				CLANG_ANALYZER_NUMBER_OBJECT_CONVERSION = YES_AGGRESSIVE;
				CLANG_CXX_LANGUAGE_STANDARD = "gnu++14";
				CLANG_CXX_LIBRARY = "libc++";
				CLANG_ENABLE_MODULES = YES;
				CLANG_ENABLE_OBJC_ARC = YES;
				CLANG_ENABLE_OBJC_WEAK = YES;
				CLANG_WARN_BLOCK_CAPTURE_AUTORELEASING = YES;
				CLANG_WARN_BOOL_CONVERSION = YES;
				CLANG_WARN_COMMA = YES;
				CLANG_WARN_CONSTANT_CONVERSION = YES;
				CLANG_WARN_DEPRECATED_OBJC_IMPLEMENTATIONS = YES;
				CLANG_WARN_DIRECT_OBJC_ISA_USAGE = YES_ERROR;
				CLANG_WARN_DOCUMENTATION_COMMENTS = YES;
				CLANG_WARN_EMPTY_BODY = YES;
				CLANG_WARN_ENUM_CONVERSION = YES;
				CLANG_WARN_INFINITE_RECURSION = YES;
				CLANG_WARN_INT_CONVERSION = YES;
				CLANG_WARN_NON_LITERAL_NULL_CONVERSION = YES;
				CLANG_WARN_OBJC_IMPLICIT_RETAIN_SELF = YES;
				CLANG_WARN_OBJC_LITERAL_CONVERSION = YES;
				CLANG_WARN_OBJC_ROOT_CLASS = YES_ERROR;
				CLANG_WARN_RANGE_LOOP_ANALYSIS = YES;
				CLANG_WARN_STRICT_PROTOTYPES = YES;
				CLANG_WARN_SUSPICIOUS_MOVE = YES;
				CLANG_WARN_UNGUARDED_AVAILABILITY = YES_AGGRESSIVE;
				CLANG_WARN_UNREACHABLE_CODE = YES;
				CLANG_WARN__DUPLICATE_METHOD_MATCH = YES;
				COPY_PHASE_STRIP = NO;
				DEBUG_INFORMATION_FORMAT = dwarf;
				ENABLE_STRICT_OBJC_MSGSEND = YES;
				ENABLE_TESTABILITY = YES;
				GCC_C_LANGUAGE_STANDARD = gnu11;
				GCC_DYNAMIC_NO_PIC = NO;
				GCC_NO_COMMON_BLOCKS = YES;
				GCC_OPTIMIZATION_LEVEL = 0;
				GCC_PREPROCESSOR_DEFINITIONS = (
					"DEBUG=1",
					"$(inherited)",
				);
				GCC_WARN_64_TO_32_BIT_CONVERSION = YES;
				GCC_WARN_ABOUT_RETURN_TYPE = YES_ERROR;
				GCC_WARN_UNDECLARED_SELECTOR = YES;
				GCC_WARN_UNINITIALIZED_AUTOS = YES_AGGRESSIVE;
				GCC_WARN_UNUSED_FUNCTION = YES;
				GCC_WARN_UNUSED_VARIABLE = YES;
				IPHONEOS_DEPLOYMENT_TARGET = 13.5;
				MTL_ENABLE_DEBUG_INFO = INCLUDE_SOURCE;
				MTL_FAST_MATH = YES;
				ONLY_ACTIVE_ARCH = YES;
				SDKROOT = iphoneos;
				SWIFT_ACTIVE_COMPILATION_CONDITIONS = DEBUG;
				SWIFT_OPTIMIZATION_LEVEL = "-Onone";
			};
			name = Debug;
		};
		E1DFBC0624B7A5740092622B /* Release */ = {
			isa = XCBuildConfiguration;
			buildSettings = {
				ALWAYS_SEARCH_USER_PATHS = NO;
				CLANG_ANALYZER_NONNULL = YES;
				CLANG_ANALYZER_NUMBER_OBJECT_CONVERSION = YES_AGGRESSIVE;
				CLANG_CXX_LANGUAGE_STANDARD = "gnu++14";
				CLANG_CXX_LIBRARY = "libc++";
				CLANG_ENABLE_MODULES = YES;
				CLANG_ENABLE_OBJC_ARC = YES;
				CLANG_ENABLE_OBJC_WEAK = YES;
				CLANG_WARN_BLOCK_CAPTURE_AUTORELEASING = YES;
				CLANG_WARN_BOOL_CONVERSION = YES;
				CLANG_WARN_COMMA = YES;
				CLANG_WARN_CONSTANT_CONVERSION = YES;
				CLANG_WARN_DEPRECATED_OBJC_IMPLEMENTATIONS = YES;
				CLANG_WARN_DIRECT_OBJC_ISA_USAGE = YES_ERROR;
				CLANG_WARN_DOCUMENTATION_COMMENTS = YES;
				CLANG_WARN_EMPTY_BODY = YES;
				CLANG_WARN_ENUM_CONVERSION = YES;
				CLANG_WARN_INFINITE_RECURSION = YES;
				CLANG_WARN_INT_CONVERSION = YES;
				CLANG_WARN_NON_LITERAL_NULL_CONVERSION = YES;
				CLANG_WARN_OBJC_IMPLICIT_RETAIN_SELF = YES;
				CLANG_WARN_OBJC_LITERAL_CONVERSION = YES;
				CLANG_WARN_OBJC_ROOT_CLASS = YES_ERROR;
				CLANG_WARN_RANGE_LOOP_ANALYSIS = YES;
				CLANG_WARN_STRICT_PROTOTYPES = YES;
				CLANG_WARN_SUSPICIOUS_MOVE = YES;
				CLANG_WARN_UNGUARDED_AVAILABILITY = YES_AGGRESSIVE;
				CLANG_WARN_UNREACHABLE_CODE = YES;
				CLANG_WARN__DUPLICATE_METHOD_MATCH = YES;
				COPY_PHASE_STRIP = NO;
				DEBUG_INFORMATION_FORMAT = "dwarf-with-dsym";
				ENABLE_NS_ASSERTIONS = NO;
				ENABLE_STRICT_OBJC_MSGSEND = YES;
				GCC_C_LANGUAGE_STANDARD = gnu11;
				GCC_NO_COMMON_BLOCKS = YES;
				GCC_WARN_64_TO_32_BIT_CONVERSION = YES;
				GCC_WARN_ABOUT_RETURN_TYPE = YES_ERROR;
				GCC_WARN_UNDECLARED_SELECTOR = YES;
				GCC_WARN_UNINITIALIZED_AUTOS = YES_AGGRESSIVE;
				GCC_WARN_UNUSED_FUNCTION = YES;
				GCC_WARN_UNUSED_VARIABLE = YES;
				IPHONEOS_DEPLOYMENT_TARGET = 13.5;
				MTL_ENABLE_DEBUG_INFO = NO;
				MTL_FAST_MATH = YES;
				SDKROOT = iphoneos;
				SWIFT_COMPILATION_MODE = wholemodule;
				SWIFT_OPTIMIZATION_LEVEL = "-O";
				VALIDATE_PRODUCT = YES;
			};
			name = Release;
		};
		E1DFBC0824B7A5740092622B /* Debug */ = {
			isa = XCBuildConfiguration;
			baseConfigurationReference = 858FFD1C708859F93C632539 /* Pods-TinderDemo.debug.xcconfig */;
			buildSettings = {
				ASSETCATALOG_COMPILER_APPICON_NAME = AppIcon;
				CODE_SIGN_STYLE = Automatic;
				DEVELOPMENT_TEAM = B426D3XC5Q;
				INFOPLIST_FILE = "TinderDemo/Supporting Files/Info.plist";
				LD_RUNPATH_SEARCH_PATHS = (
					"$(inherited)",
					"@executable_path/Frameworks",
				);
				PRODUCT_BUNDLE_IDENTIFIER = com.DennisVera.TinderDemo;
				PRODUCT_NAME = "$(TARGET_NAME)";
				SWIFT_VERSION = 5.0;
				TARGETED_DEVICE_FAMILY = "1,2";
			};
			name = Debug;
		};
		E1DFBC0924B7A5740092622B /* Release */ = {
			isa = XCBuildConfiguration;
			baseConfigurationReference = 8AEC39223F2A9BC60A4909DB /* Pods-TinderDemo.release.xcconfig */;
			buildSettings = {
				ASSETCATALOG_COMPILER_APPICON_NAME = AppIcon;
				CODE_SIGN_STYLE = Automatic;
				DEVELOPMENT_TEAM = B426D3XC5Q;
				INFOPLIST_FILE = "TinderDemo/Supporting Files/Info.plist";
				LD_RUNPATH_SEARCH_PATHS = (
					"$(inherited)",
					"@executable_path/Frameworks",
				);
				PRODUCT_BUNDLE_IDENTIFIER = com.DennisVera.TinderDemo;
				PRODUCT_NAME = "$(TARGET_NAME)";
				SWIFT_VERSION = 5.0;
				TARGETED_DEVICE_FAMILY = "1,2";
			};
			name = Release;
		};
/* End XCBuildConfiguration section */

/* Begin XCConfigurationList section */
		E1DFBBEE24B7A5710092622B /* Build configuration list for PBXProject "TinderDemo" */ = {
			isa = XCConfigurationList;
			buildConfigurations = (
				E1DFBC0524B7A5740092622B /* Debug */,
				E1DFBC0624B7A5740092622B /* Release */,
			);
			defaultConfigurationIsVisible = 0;
			defaultConfigurationName = Release;
		};
		E1DFBC0724B7A5740092622B /* Build configuration list for PBXNativeTarget "TinderDemo" */ = {
			isa = XCConfigurationList;
			buildConfigurations = (
				E1DFBC0824B7A5740092622B /* Debug */,
				E1DFBC0924B7A5740092622B /* Release */,
			);
			defaultConfigurationIsVisible = 0;
			defaultConfigurationName = Release;
		};
/* End XCConfigurationList section */
	};
	rootObject = E1DFBBEB24B7A5710092622B /* Project object */;
}
